
Microsoft Visual Studio Solution File, Format Version 12.00
# Visual Studio Version 17
VisualStudioVersion = 17.14.36414.22 d17.14
MinimumVisualStudioVersion = 10.0.40219.1
Project("{FAE04EC0-301F-11D3-BF4B-00C04F79EFBC}") = "MiTiendaSOAP", "MiTiendaSOAP\MiTiendaSOAP.csproj", "{0EAF71F1-09B3-4010-B398-D24B5BE8FF37}"
EndProject
Global
	GlobalSection(SolutionConfigurationPlatforms) = preSolution
		Debug|Any CPU = Debug|Any CPU
		Release|Any CPU = Release|Any CPU
	EndGlobalSection
	GlobalSection(ProjectConfigurationPlatforms) = postSolution
		{0EAF71F1-09B3-4010-B398-D24B5BE8FF37}.Debug|Any CPU.ActiveCfg = Debug|Any CPU
		{0EAF71F1-09B3-4010-B398-D24B5BE8FF37}.Debug|Any CPU.Build.0 = Debug|Any CPU
		{0EAF71F1-09B3-4010-B398-D24B5BE8FF37}.Release|Any CPU.ActiveCfg = Release|Any CPU
		{0EAF71F1-09B3-4010-B398-D24B5BE8FF37}.Release|Any CPU.Build.0 = Release|Any CPU
	EndGlobalSection
	GlobalSection(SolutionProperties) = preSolution
		HideSolutionNode = FALSE
	EndGlobalSection
	GlobalSection(ExtensibilityGlobals) = postSolution
		SolutionGuid = {9D1EF97C-A9BC-41E3-8F4E-F963D4D8B022}
	EndGlobalSection
EndGlobal
